
Microsoft Visual Studio Solution File, Format Version 12.00
# Visual Studio Version 16
VisualStudioVersion = 16.0.29613.14
MinimumVisualStudioVersion = 10.0.40219.1
Project("{FAE04EC0-301F-11D3-BF4B-00C04F79EFBC}") = "WebServer1", "WebServer1\WebServer1.csproj", "{34A948A3-DEEE-465C-9594-7C2918E692C6}"
EndProject
Global
	GlobalSection(SolutionConfigurationPlatforms) = preSolution
		Debug|Any CPU = Debug|Any CPU
		Release|Any CPU = Release|Any CPU
	EndGlobalSection
	GlobalSection(ProjectConfigurationPlatforms) = postSolution
		{34A948A3-DEEE-465C-9594-7C2918E692C6}.Debug|Any CPU.ActiveCfg = Debug|Any CPU
		{34A948A3-DEEE-465C-9594-7C2918E692C6}.Debug|Any CPU.Build.0 = Debug|Any CPU
		{34A948A3-DEEE-465C-9594-7C2918E692C6}.Release|Any CPU.ActiveCfg = Release|Any CPU
		{34A948A3-DEEE-465C-9594-7C2918E692C6}.Release|Any CPU.Build.0 = Release|Any CPU
	EndGlobalSection
	GlobalSection(SolutionProperties) = preSolution
		HideSolutionNode = FALSE
	EndGlobalSection
	GlobalSection(ExtensibilityGlobals) = postSolution
		SolutionGuid = {CAEF414F-E0F4-415A-A924-77206FF595BE}
	EndGlobalSection
EndGlobal
