
Microsoft Visual Studio Solution File, Format Version 12.00
# Visual Studio Version 16
VisualStudioVersion = 16.0.29613.14
MinimumVisualStudioVersion = 10.0.40219.1
Project("{FAE04EC0-301F-11D3-BF4B-00C04F79EFBC}") = "WebServer2", "WebServer2\WebServer2.csproj", "{DA347492-573E-4483-ACA4-321E0C8DD994}"
EndProject
Global
	GlobalSection(SolutionConfigurationPlatforms) = preSolution
		Debug|Any CPU = Debug|Any CPU
		Release|Any CPU = Release|Any CPU
	EndGlobalSection
	GlobalSection(ProjectConfigurationPlatforms) = postSolution
		{DA347492-573E-4483-ACA4-321E0C8DD994}.Debug|Any CPU.ActiveCfg = Debug|Any CPU
		{DA347492-573E-4483-ACA4-321E0C8DD994}.Debug|Any CPU.Build.0 = Debug|Any CPU
		{DA347492-573E-4483-ACA4-321E0C8DD994}.Release|Any CPU.ActiveCfg = Release|Any CPU
		{DA347492-573E-4483-ACA4-321E0C8DD994}.Release|Any CPU.Build.0 = Release|Any CPU
	EndGlobalSection
	GlobalSection(SolutionProperties) = preSolution
		HideSolutionNode = FALSE
	EndGlobalSection
	GlobalSection(ExtensibilityGlobals) = postSolution
		SolutionGuid = {A03DC44B-27B4-4B5C-823F-6E3C2D574B15}
	EndGlobalSection
EndGlobal
